
Microsoft Visual Studio Solution File, Format Version 12.00
# Visual Studio Version 16
VisualStudioVersion = 16.0.30114.105
MinimumVisualStudioVersion = 10.0.40219.1
Project("{FAE04EC0-301F-11D3-BF4B-00C04F79EFBC}") = "EtecBookAPI", "EtecBookAPI\EtecBookAPI.csproj", "{0FEEF27E-5571-4DB7-BF72-24FEB6D5B49D}"
EndProject
Global
	GlobalSection(SolutionConfigurationPlatforms) = preSolution
		Debug|Any CPU = Debug|Any CPU
		Release|Any CPU = Release|Any CPU
	EndGlobalSection
	GlobalSection(SolutionProperties) = preSolution
		HideSolutionNode = FALSE
	EndGlobalSection
	GlobalSection(ProjectConfigurationPlatforms) = postSolution
		{0FEEF27E-5571-4DB7-BF72-24FEB6D5B49D}.Debug|Any CPU.ActiveCfg = Debug|Any CPU
		{0FEEF27E-5571-4DB7-BF72-24FEB6D5B49D}.Debug|Any CPU.Build.0 = Debug|Any CPU
		{0FEEF27E-5571-4DB7-BF72-24FEB6D5B49D}.Release|Any CPU.ActiveCfg = Release|Any CPU
		{0FEEF27E-5571-4DB7-BF72-24FEB6D5B49D}.Release|Any CPU.Build.0 = Release|Any CPU
	EndGlobalSection
EndGlobal
